<?xml version="1.0" encoding="utf-8"?>
<Project ToolsVersion="4.0" xmlns="http://schemas.microsoft.com/developer/msbuild/2003">
  <ItemGroup>
    <Filter Include="Headers">
      <UniqueIdentifier>{e93cd8d3-ac8c-4837-b84d-e7073af1739a}</UniqueIdentifier>
    </Filter>
    <Filter Include="Sources">
      <UniqueIdentifier>{f1a625c7-3e9e-47e9-8295-9e448e1c48fc}</UniqueIdentifier>
      <Extensions>.cpp;.c</Extensions>
    </Filter>
    <Filter Include="Resources">
      <UniqueIdentifier>{db7795a5-59bd-4fd2-a23c-ae50c89bfbfd}</UniqueIdentifier>
    </Filter>
    <Filter Include="Headers\objloader">
      <UniqueIdentifier>{bb9bae6d-53cd-4709-8eb9-15fa686d5c21}</UniqueIdentifier>
    </Filter>
  </ItemGroup>
  <ItemGroup>
    <ClInclude Include="include\Camera.h">
      <Filter>Headers</Filter>
    </ClInclude>
    <ClInclude Include="include\GameLoop.h">
      <Filter>Headers</Filter>
    </ClInclude>
    <ClInclude Include="include\GLErrorHandling.h">
      <Filter>Headers</Filter>
    </ClInclude>
    <ClInclude Include="include\IndexBuffer.h">
      <Filter>Headers</Filter>
    </ClInclude>
    <ClInclude Include="include\LinearMath.h">
      <Filter>Headers</Filter>
    </ClInclude>
    <ClInclude Include="include\Loader.h">
      <Filter>Headers</Filter>
    </ClInclude>
    <ClInclude Include="include\Mesh.h">
      <Filter>Headers</Filter>
    </ClInclude>
    <ClInclude Include="include\MeshRenderer.h">
      <Filter>Headers</Filter>
    </ClInclude>
    <ClInclude Include="include\OSExport.h">
      <Filter>Headers</Filter>
    </ClInclude>
    <ClInclude Include="include\Particle.h">
      <Filter>Headers</Filter>
    </ClInclude>
    <ClInclude Include="include\ParticleBasicShader.h">
      <Filter>Headers</Filter>
    </ClInclude>
    <ClInclude Include="include\ParticleMaster.h">
      <Filter>Headers</Filter>
    </ClInclude>
    <ClInclude Include="include\ParticleRenderer.h">
      <Filter>Headers</Filter>
    </ClInclude>
    <ClInclude Include="include\ParticleSystem.h">
      <Filter>Headers</Filter>
    </ClInclude>
    <ClInclude Include="include\Rect.h">
      <Filter>Headers</Filter>
    </ClInclude>
    <ClInclude Include="include\ShaderProgram.h">
      <Filter>Headers</Filter>
    </ClInclude>
    <ClInclude Include="include\Texture2D.h">
      <Filter>Headers</Filter>
    </ClInclude>
    <ClInclude Include="include\Time.h">
      <Filter>Headers</Filter>
    </ClInclude>
    <ClInclude Include="include\Transform.h">
      <Filter>Headers</Filter>
    </ClInclude>
    <ClInclude Include="include\Typedefs.h">
      <Filter>Headers</Filter>
    </ClInclude>
    <ClInclude Include="include\VertexArray.h">
      <Filter>Headers</Filter>
    </ClInclude>
    <ClInclude Include="include\VertexBuffer.h">
      <Filter>Headers</Filter>
    </ClInclude>
    <ClInclude Include="include\VertexBufferLayout.h">
      <Filter>Headers</Filter>
    </ClInclude>
    <ClInclude Include="include\Window.h">
      <Filter>Headers</Filter>
    </ClInclude>
    <ClInclude Include="resource.h" />
    <ClInclude Include="include\MeshShaderSource.h">
      <Filter>Headers</Filter>
    </ClInclude>
    <ClInclude Include="external\objloader\objloader.hpp">
      <Filter>Headers\objloader</Filter>
    </ClInclude>
    <ClInclude Include="external\objloader\tangentspace.hpp">
      <Filter>Headers\objloader</Filter>
    </ClInclude>
    <ClInclude Include="external\objloader\vboindexer.hpp">
      <Filter>Headers\objloader</Filter>
    </ClInclude>
    <ClInclude Include="include\Light.h">
      <Filter>Headers</Filter>
    </ClInclude>
    <ClInclude Include="include\RendererOpenGL.h">
      <Filter>Headers</Filter>
    </ClInclude>
    <ClInclude Include="include\Renderer.h">
      <Filter>Headers</Filter>
    </ClInclude>
  </ItemGroup>
  <ItemGroup>
    <ClCompile Include="src\Camera.cpp">
      <Filter>Sources</Filter>
    </ClCompile>
    <ClCompile Include="src\GameLoop.cpp">
      <Filter>Sources</Filter>
    </ClCompile>
    <ClCompile Include="src\IndexBuffer.cpp">
      <Filter>Sources</Filter>
    </ClCompile>
    <ClCompile Include="src\Loader.cpp">
      <Filter>Sources</Filter>
    </ClCompile>
    <ClCompile Include="src\Particle.cpp">
      <Filter>Sources</Filter>
    </ClCompile>
    <ClCompile Include="src\ParticleMaster.cpp">
      <Filter>Sources</Filter>
    </ClCompile>
    <ClCompile Include="src\ParticleRenderer.cpp">
      <Filter>Sources</Filter>
    </ClCompile>
    <ClCompile Include="src\ParticleSystem.cpp">
      <Filter>Sources</Filter>
    </ClCompile>
    <ClCompile Include="src\ShaderProgram.cpp">
      <Filter>Sources</Filter>
    </ClCompile>
    <ClCompile Include="src\Texture2D.cpp">
      <Filter>Sources</Filter>
    </ClCompile>
    <ClCompile Include="src\Time.cpp">
      <Filter>Sources</Filter>
    </ClCompile>
    <ClCompile Include="src\Transform.cpp">
      <Filter>Sources</Filter>
    </ClCompile>
    <ClCompile Include="src\VertexArray.cpp">
      <Filter>Sources</Filter>
    </ClCompile>
    <ClCompile Include="src\VertexBuffer.cpp">
      <Filter>Sources</Filter>
    </ClCompile>
    <ClCompile Include="src\Window.cpp">
      <Filter>Sources</Filter>
    </ClCompile>
    <ClCompile Include="external\objloader\objloader.cpp">
      <Filter>Headers\objloader</Filter>
    </ClCompile>
    <ClCompile Include="external\objloader\tangentspace.cpp">
      <Filter>Headers\objloader</Filter>
    </ClCompile>
    <ClCompile Include="external\objloader\vboindexer.cpp">
      <Filter>Headers\objloader</Filter>
    </ClCompile>
    <ClCompile Include="src\RendererOpenGL.cpp">
      <Filter>Sources</Filter>
    </ClCompile>
    <ClCompile Include="src\Renderer.cpp">
      <Filter>Sources</Filter>
    </ClCompile>
  </ItemGroup>
  <ItemGroup>
    <ResourceCompile Include="Engine.rc" />
  </ItemGroup>
</Project>