<?xml version="1.0" encoding="utf-8"?>
<Project ToolsVersion="4.0" xmlns="http://schemas.microsoft.com/developer/msbuild/2003">
  <ItemGroup>
    <Filter Include="_external">
      <UniqueIdentifier>{f621e78d-f810-488e-990f-8f0231b26af0}</UniqueIdentifier>
    </Filter>
    <Filter Include="_external\objloader">
      <UniqueIdentifier>{bb9bae6d-53cd-4709-8eb9-15fa686d5c21}</UniqueIdentifier>
    </Filter>
    <Filter Include="_external\SOIL">
      <UniqueIdentifier>{106d37d9-c46d-4c02-8a15-e858284baa77}</UniqueIdentifier>
    </Filter>
    <Filter Include="_external\glew">
      <UniqueIdentifier>{3162f8c9-69d6-4f5c-bf18-2909e817ab04}</UniqueIdentifier>
    </Filter>
    <Filter Include="Source">
      <UniqueIdentifier>{5521795b-2164-40ef-b11e-eac73a5bf741}</UniqueIdentifier>
    </Filter>
    <Filter Include="Source\graphics">
      <UniqueIdentifier>{a2911e0a-6be9-4232-8f0f-2f0c3995f358}</UniqueIdentifier>
    </Filter>
    <Filter Include="Source\graphics\low-level">
      <UniqueIdentifier>{9d5a8f25-30ad-4959-908d-ce9df5061775}</UniqueIdentifier>
    </Filter>
    <Filter Include="Source\maths">
      <UniqueIdentifier>{4218c834-fa90-4d6f-8b35-2cd40ac957b4}</UniqueIdentifier>
    </Filter>
    <Filter Include="Source\application">
      <UniqueIdentifier>{dc79dfa5-4944-45c6-8fbe-3f15bd53e928}</UniqueIdentifier>
    </Filter>
    <Filter Include="Source\common">
      <UniqueIdentifier>{15a1c5fc-3e05-4927-96b8-4156548c9f06}</UniqueIdentifier>
    </Filter>
    <Filter Include="Source\scene">
      <UniqueIdentifier>{2e16ad89-ac71-4a46-b642-30ced1380c57}</UniqueIdentifier>
    </Filter>
    <Filter Include="Source\renderables">
      <UniqueIdentifier>{39b738f7-63ed-46ae-ac09-33448887cd47}</UniqueIdentifier>
    </Filter>
    <Filter Include="Source\memory">
      <UniqueIdentifier>{026a10c9-b42a-4e8e-8966-6f4ece2515dc}</UniqueIdentifier>
    </Filter>
  </ItemGroup>
  <ItemGroup>
    <ClInclude Include="resource.h" />
    <ClInclude Include="external\objloader\objloader.hpp">
      <Filter>_external\objloader</Filter>
    </ClInclude>
    <ClInclude Include="external\objloader\tangentspace.hpp">
      <Filter>_external\objloader</Filter>
    </ClInclude>
    <ClInclude Include="external\objloader\vboindexer.hpp">
      <Filter>_external\objloader</Filter>
    </ClInclude>
    <ClInclude Include="external\SOIL\image_DXT.h">
      <Filter>_external\SOIL</Filter>
    </ClInclude>
    <ClInclude Include="external\SOIL\image_helper.h">
      <Filter>_external\SOIL</Filter>
    </ClInclude>
    <ClInclude Include="external\SOIL\SOIL.h">
      <Filter>_external\SOIL</Filter>
    </ClInclude>
    <ClInclude Include="external\SOIL\stb_image_aug.h">
      <Filter>_external\SOIL</Filter>
    </ClInclude>
    <ClInclude Include="external\SOIL\stbi_DDS_aug.h">
      <Filter>_external\SOIL</Filter>
    </ClInclude>
    <ClInclude Include="external\SOIL\stbi_DDS_aug_c.h">
      <Filter>_external\SOIL</Filter>
    </ClInclude>
    <ClInclude Include="include\BillboardRenderer.h">
      <Filter>Source\renderables</Filter>
    </ClInclude>
    <ClInclude Include="include\MeshRenderer.h">
      <Filter>Source\renderables</Filter>
    </ClInclude>
    <ClInclude Include="include\MeshShaderSource.h">
      <Filter>Source\renderables</Filter>
    </ClInclude>
    <ClInclude Include="include\ParticleRenderer.h">
      <Filter>Source\renderables</Filter>
    </ClInclude>
    <ClInclude Include="include\ParticleBasicShader.h">
      <Filter>Source\renderables</Filter>
    </ClInclude>
    <ClInclude Include="include\ShadowRenderer.h">
      <Filter>Source\renderables</Filter>
    </ClInclude>
    <ClInclude Include="include\Light.h">
      <Filter>Source\scene</Filter>
    </ClInclude>
    <ClInclude Include="include\Camera.h">
      <Filter>Source\scene</Filter>
    </ClInclude>
    <ClInclude Include="include\GLErrorHandling.h">
      <Filter>Source\graphics\low-level</Filter>
    </ClInclude>
    <ClInclude Include="include\Mesh.h">
      <Filter>Source\graphics</Filter>
    </ClInclude>
    <ClInclude Include="include\Particle.h">
      <Filter>Source\graphics</Filter>
    </ClInclude>
    <ClInclude Include="include\ParticleSystem.h">
      <Filter>Source\graphics</Filter>
    </ClInclude>
    <ClInclude Include="include\ParticleMaster.h">
      <Filter>Source\graphics</Filter>
    </ClInclude>
    <ClInclude Include="include\Rect.h">
      <Filter>Source\maths</Filter>
    </ClInclude>
    <ClInclude Include="include\LinearMath.h">
      <Filter>Source\maths</Filter>
    </ClInclude>
    <ClInclude Include="include\Transform.h">
      <Filter>Source\maths</Filter>
    </ClInclude>
    <ClInclude Include="include\Renderer.h">
      <Filter>Source\graphics\low-level</Filter>
    </ClInclude>
    <ClInclude Include="include\VertexArray.h">
      <Filter>Source\graphics\low-level</Filter>
    </ClInclude>
    <ClInclude Include="include\VertexBuffer.h">
      <Filter>Source\graphics\low-level</Filter>
    </ClInclude>
    <ClInclude Include="include\VertexBufferLayout.h">
      <Filter>Source\graphics\low-level</Filter>
    </ClInclude>
    <ClInclude Include="include\IndexBuffer.h">
      <Filter>Source\graphics\low-level</Filter>
    </ClInclude>
    <ClInclude Include="include\ShaderProgram.h">
      <Filter>Source\graphics</Filter>
    </ClInclude>
    <ClInclude Include="include\Texture2D.h">
      <Filter>Source\graphics</Filter>
    </ClInclude>
    <ClInclude Include="include\FrameBuffer.h">
      <Filter>Source\graphics\low-level</Filter>
    </ClInclude>
    <ClInclude Include="include\GameLoop.h">
      <Filter>Source\application</Filter>
    </ClInclude>
    <ClInclude Include="include\Input.h">
      <Filter>Source\application</Filter>
    </ClInclude>
    <ClInclude Include="include\Loader.h">
      <Filter>Source\application</Filter>
    </ClInclude>
    <ClInclude Include="include\OSExport.h">
      <Filter>Source\application</Filter>
    </ClInclude>
    <ClInclude Include="include\Time.h">
      <Filter>Source\application</Filter>
    </ClInclude>
    <ClInclude Include="include\Window.h">
      <Filter>Source\application</Filter>
    </ClInclude>
    <ClInclude Include="include\Typedefs.h">
      <Filter>Source\common</Filter>
    </ClInclude>
    <ClInclude Include="include\ShaderParser.h">
      <Filter>Source\graphics</Filter>
    </ClInclude>
    <ClInclude Include="include\MatricesNamesDefines.h">
      <Filter>Source\graphics</Filter>
    </ClInclude>
    <ClInclude Include="include\AttributesNamesDefines.h">
      <Filter>Source\graphics</Filter>
    </ClInclude>
    <ClInclude Include="include\ShadowShader.h">
      <Filter>Source\renderables</Filter>
    </ClInclude>
    <ClInclude Include="include\SkyboxRenderer.h">
      <Filter>Source\renderables</Filter>
    </ClInclude>
    <ClInclude Include="include\CubeMap.h">
      <Filter>Source\graphics</Filter>
    </ClInclude>
    <ClInclude Include="include\ServiceLocator.h">
      <Filter>Source\memory</Filter>
    </ClInclude>
    <ClInclude Include="include\MeshSoftwareRenderer.h">
      <Filter>Source\renderables</Filter>
    </ClInclude>
    <ClInclude Include="include\MeshSoftwareRendererShader.h">
      <Filter>Source\renderables</Filter>
    </ClInclude>
  </ItemGroup>
  <ItemGroup>
    <ClCompile Include="external\objloader\objloader.cpp">
      <Filter>_external\objloader</Filter>
    </ClCompile>
    <ClCompile Include="external\objloader\tangentspace.cpp">
      <Filter>_external\objloader</Filter>
    </ClCompile>
    <ClCompile Include="external\objloader\vboindexer.cpp">
      <Filter>_external\objloader</Filter>
    </ClCompile>
    <ClCompile Include="external\SOIL\image_DXT.c">
      <Filter>_external\SOIL</Filter>
    </ClCompile>
    <ClCompile Include="external\SOIL\image_helper.c">
      <Filter>_external\SOIL</Filter>
    </ClCompile>
    <ClCompile Include="external\SOIL\SOIL.c">
      <Filter>_external\SOIL</Filter>
    </ClCompile>
    <ClCompile Include="external\SOIL\stb_image_aug.c">
      <Filter>_external\SOIL</Filter>
    </ClCompile>
    <ClCompile Include="external\glew\src\glew.c">
      <Filter>_external\glew</Filter>
    </ClCompile>
    <ClCompile Include="src\Camera.cpp">
      <Filter>Source\scene</Filter>
    </ClCompile>
    <ClCompile Include="src\Light.cpp">
      <Filter>Source\scene</Filter>
    </ClCompile>
    <ClCompile Include="src\ParticleRenderer.cpp">
      <Filter>Source\renderables</Filter>
    </ClCompile>
    <ClCompile Include="src\ShadowRenderer.cpp">
      <Filter>Source\renderables</Filter>
    </ClCompile>
    <ClCompile Include="src\Particle.cpp">
      <Filter>Source\graphics</Filter>
    </ClCompile>
    <ClCompile Include="src\ParticleMaster.cpp">
      <Filter>Source\graphics</Filter>
    </ClCompile>
    <ClCompile Include="src\ParticleSystem.cpp">
      <Filter>Source\graphics</Filter>
    </ClCompile>
    <ClCompile Include="src\Renderer.cpp">
      <Filter>Source\graphics\low-level</Filter>
    </ClCompile>
    <ClCompile Include="src\ShaderProgram.cpp">
      <Filter>Source\graphics</Filter>
    </ClCompile>
    <ClCompile Include="src\Texture2D.cpp">
      <Filter>Source\graphics</Filter>
    </ClCompile>
    <ClCompile Include="src\Transform.cpp">
      <Filter>Source\maths</Filter>
    </ClCompile>
    <ClCompile Include="src\FrameBuffer.cpp">
      <Filter>Source\graphics\low-level</Filter>
    </ClCompile>
    <ClCompile Include="src\IndexBuffer.cpp">
      <Filter>Source\graphics\low-level</Filter>
    </ClCompile>
    <ClCompile Include="src\VertexArray.cpp">
      <Filter>Source\graphics\low-level</Filter>
    </ClCompile>
    <ClCompile Include="src\VertexBuffer.cpp">
      <Filter>Source\graphics\low-level</Filter>
    </ClCompile>
    <ClCompile Include="src\GameLoop.cpp">
      <Filter>Source\application</Filter>
    </ClCompile>
    <ClCompile Include="src\Input.cpp">
      <Filter>Source\application</Filter>
    </ClCompile>
    <ClCompile Include="src\Loader.cpp">
      <Filter>Source\application</Filter>
    </ClCompile>
    <ClCompile Include="src\Time.cpp">
      <Filter>Source\application</Filter>
    </ClCompile>
    <ClCompile Include="src\Window.cpp">
      <Filter>Source\application</Filter>
    </ClCompile>
    <ClCompile Include="src\CubeMap.cpp">
      <Filter>Source\graphics</Filter>
    </ClCompile>
    <ClCompile Include="src\SkyboxRenderer.cpp">
      <Filter>Source\renderables</Filter>
    </ClCompile>
    <ClCompile Include="src\GLErrorHandling.cpp">
      <Filter>Source\graphics\low-level</Filter>
    </ClCompile>
  </ItemGroup>
  <ItemGroup>
    <ResourceCompile Include="Engine.rc" />
  </ItemGroup>
</Project>