<?xml version="1.0" encoding="utf-8"?>
<Project ToolsVersion="4.0" xmlns="http://schemas.microsoft.com/developer/msbuild/2003">
  <ItemGroup>
    <Filter Include="Headers">
      <UniqueIdentifier>{e93cd8d3-ac8c-4837-b84d-e7073af1739a}</UniqueIdentifier>
    </Filter>
    <Filter Include="Sources">
      <UniqueIdentifier>{f1a625c7-3e9e-47e9-8295-9e448e1c48fc}</UniqueIdentifier>
      <Extensions>.cpp;.c</Extensions>
    </Filter>
    <Filter Include="Resources">
      <UniqueIdentifier>{db7795a5-59bd-4fd2-a23c-ae50c89bfbfd}</UniqueIdentifier>
    </Filter>
    <Filter Include="Headers\objloader">
      <UniqueIdentifier>{bb9bae6d-53cd-4709-8eb9-15fa686d5c21}</UniqueIdentifier>
    </Filter>
    <Filter Include="Headers\scene">
      <UniqueIdentifier>{79d20ec6-3c63-442c-9aa4-0ff554de2a5c}</UniqueIdentifier>
    </Filter>
    <Filter Include="Sources\scene">
      <UniqueIdentifier>{1548a332-95a4-47aa-9b45-c820ebee3056}</UniqueIdentifier>
    </Filter>
    <Filter Include="Headers\components">
      <UniqueIdentifier>{35a2cb19-7b17-4bc7-8037-202cde241152}</UniqueIdentifier>
    </Filter>
    <Filter Include="Headers\renderables">
      <UniqueIdentifier>{6edda6d4-acac-4479-8cee-a9eb7098baaf}</UniqueIdentifier>
    </Filter>
    <Filter Include="Headers\test_scenes">
      <UniqueIdentifier>{bfe0602a-a89a-42a3-999b-3152cc27a1ff}</UniqueIdentifier>
    </Filter>
    <Filter Include="Sources\test_scenes">
      <UniqueIdentifier>{4dee115d-fb2d-426d-b2bb-db863481041a}</UniqueIdentifier>
    </Filter>
    <Filter Include="external">
      <UniqueIdentifier>{937300c9-8972-44e5-ac04-3c212aa3e048}</UniqueIdentifier>
    </Filter>
    <Filter Include="external\SOIL">
      <UniqueIdentifier>{e3398a63-eec0-4240-a55d-80ca47b71818}</UniqueIdentifier>
    </Filter>
    <Filter Include="external\glew">
      <UniqueIdentifier>{da0702a2-a681-4d9c-8b47-a13ee40310de}</UniqueIdentifier>
    </Filter>
  </ItemGroup>
  <ItemGroup>
    <ClInclude Include="include\Camera.h">
      <Filter>Headers</Filter>
    </ClInclude>
    <ClInclude Include="include\GameLoop.h">
      <Filter>Headers</Filter>
    </ClInclude>
    <ClInclude Include="include\GLErrorHandling.h">
      <Filter>Headers</Filter>
    </ClInclude>
    <ClInclude Include="include\IndexBuffer.h">
      <Filter>Headers</Filter>
    </ClInclude>
    <ClInclude Include="include\LinearMath.h">
      <Filter>Headers</Filter>
    </ClInclude>
    <ClInclude Include="include\Loader.h">
      <Filter>Headers</Filter>
    </ClInclude>
    <ClInclude Include="include\Mesh.h">
      <Filter>Headers</Filter>
    </ClInclude>
    <ClInclude Include="include\MeshRenderer.h">
      <Filter>Headers</Filter>
    </ClInclude>
    <ClInclude Include="include\OSExport.h">
      <Filter>Headers</Filter>
    </ClInclude>
    <ClInclude Include="include\Particle.h">
      <Filter>Headers</Filter>
    </ClInclude>
    <ClInclude Include="include\ParticleBasicShader.h">
      <Filter>Headers</Filter>
    </ClInclude>
    <ClInclude Include="include\ParticleMaster.h">
      <Filter>Headers</Filter>
    </ClInclude>
    <ClInclude Include="include\ParticleRenderer.h">
      <Filter>Headers</Filter>
    </ClInclude>
    <ClInclude Include="include\ParticleSystem.h">
      <Filter>Headers</Filter>
    </ClInclude>
    <ClInclude Include="include\Rect.h">
      <Filter>Headers</Filter>
    </ClInclude>
    <ClInclude Include="include\ShaderProgram.h">
      <Filter>Headers</Filter>
    </ClInclude>
    <ClInclude Include="include\Texture2D.h">
      <Filter>Headers</Filter>
    </ClInclude>
    <ClInclude Include="include\Time.h">
      <Filter>Headers</Filter>
    </ClInclude>
    <ClInclude Include="include\Transform.h">
      <Filter>Headers</Filter>
    </ClInclude>
    <ClInclude Include="include\Typedefs.h">
      <Filter>Headers</Filter>
    </ClInclude>
    <ClInclude Include="include\VertexArray.h">
      <Filter>Headers</Filter>
    </ClInclude>
    <ClInclude Include="include\VertexBuffer.h">
      <Filter>Headers</Filter>
    </ClInclude>
    <ClInclude Include="include\VertexBufferLayout.h">
      <Filter>Headers</Filter>
    </ClInclude>
    <ClInclude Include="include\Window.h">
      <Filter>Headers</Filter>
    </ClInclude>
    <ClInclude Include="resource.h" />
    <ClInclude Include="include\MeshShaderSource.h">
      <Filter>Headers</Filter>
    </ClInclude>
    <ClInclude Include="external\objloader\objloader.hpp">
      <Filter>Headers\objloader</Filter>
    </ClInclude>
    <ClInclude Include="external\objloader\tangentspace.hpp">
      <Filter>Headers\objloader</Filter>
    </ClInclude>
    <ClInclude Include="external\objloader\vboindexer.hpp">
      <Filter>Headers\objloader</Filter>
    </ClInclude>
    <ClInclude Include="include\RendererOpenGL.h">
      <Filter>Headers</Filter>
    </ClInclude>
    <ClInclude Include="include\Renderer.h">
      <Filter>Headers</Filter>
    </ClInclude>
    <ClInclude Include="include\FrameBuffer.h">
      <Filter>Headers</Filter>
    </ClInclude>
    <ClInclude Include="include\BillboardRenderer.h">
      <Filter>Headers</Filter>
    </ClInclude>
    <ClInclude Include="include\ShadowRenderer.h">
      <Filter>Headers</Filter>
    </ClInclude>
    <ClInclude Include="include\Input.h">
      <Filter>Headers</Filter>
    </ClInclude>
    <ClInclude Include="include\Component.h">
      <Filter>Headers\components</Filter>
    </ClInclude>
    <ClInclude Include="include\Actor.h">
      <Filter>Headers\scene</Filter>
    </ClInclude>
    <ClInclude Include="include\Light.h">
      <Filter>Headers\scene</Filter>
    </ClInclude>
    <ClInclude Include="include\Scene.h">
      <Filter>Headers\scene</Filter>
    </ClInclude>
    <ClInclude Include="include\Renderable.h">
      <Filter>Headers\renderables</Filter>
    </ClInclude>
    <ClInclude Include="include\Material.h">
      <Filter>Headers</Filter>
    </ClInclude>
    <ClInclude Include="include\MainScene.h">
      <Filter>Headers\test_scenes</Filter>
    </ClInclude>
    <ClInclude Include="external\SOIL\src\image_DXT.h">
      <Filter>external\SOIL</Filter>
    </ClInclude>
    <ClInclude Include="external\SOIL\src\image_helper.h">
      <Filter>external\SOIL</Filter>
    </ClInclude>
    <ClInclude Include="external\SOIL\src\SOIL.h">
      <Filter>external\SOIL</Filter>
    </ClInclude>
    <ClInclude Include="external\SOIL\src\stb_image_aug.h">
      <Filter>external\SOIL</Filter>
    </ClInclude>
    <ClInclude Include="external\SOIL\src\stbi_DDS_aug.h">
      <Filter>external\SOIL</Filter>
    </ClInclude>
    <ClInclude Include="external\SOIL\src\stbi_DDS_aug_c.h">
      <Filter>external\SOIL</Filter>
    </ClInclude>
  </ItemGroup>
  <ItemGroup>
    <ClCompile Include="src\Camera.cpp">
      <Filter>Sources</Filter>
    </ClCompile>
    <ClCompile Include="src\GameLoop.cpp">
      <Filter>Sources</Filter>
    </ClCompile>
    <ClCompile Include="src\IndexBuffer.cpp">
      <Filter>Sources</Filter>
    </ClCompile>
    <ClCompile Include="src\Loader.cpp">
      <Filter>Sources</Filter>
    </ClCompile>
    <ClCompile Include="src\Particle.cpp">
      <Filter>Sources</Filter>
    </ClCompile>
    <ClCompile Include="src\ParticleMaster.cpp">
      <Filter>Sources</Filter>
    </ClCompile>
    <ClCompile Include="src\ParticleRenderer.cpp">
      <Filter>Sources</Filter>
    </ClCompile>
    <ClCompile Include="src\ParticleSystem.cpp">
      <Filter>Sources</Filter>
    </ClCompile>
    <ClCompile Include="src\ShaderProgram.cpp">
      <Filter>Sources</Filter>
    </ClCompile>
    <ClCompile Include="src\Texture2D.cpp">
      <Filter>Sources</Filter>
    </ClCompile>
    <ClCompile Include="src\Time.cpp">
      <Filter>Sources</Filter>
    </ClCompile>
    <ClCompile Include="src\Transform.cpp">
      <Filter>Sources</Filter>
    </ClCompile>
    <ClCompile Include="src\VertexArray.cpp">
      <Filter>Sources</Filter>
    </ClCompile>
    <ClCompile Include="src\VertexBuffer.cpp">
      <Filter>Sources</Filter>
    </ClCompile>
    <ClCompile Include="src\Window.cpp">
      <Filter>Sources</Filter>
    </ClCompile>
    <ClCompile Include="external\objloader\objloader.cpp">
      <Filter>Headers\objloader</Filter>
    </ClCompile>
    <ClCompile Include="external\objloader\tangentspace.cpp">
      <Filter>Headers\objloader</Filter>
    </ClCompile>
    <ClCompile Include="external\objloader\vboindexer.cpp">
      <Filter>Headers\objloader</Filter>
    </ClCompile>
    <ClCompile Include="src\RendererOpenGL.cpp">
      <Filter>Sources</Filter>
    </ClCompile>
    <ClCompile Include="src\Renderer.cpp">
      <Filter>Sources</Filter>
    </ClCompile>
    <ClCompile Include="src\Input.cpp">
      <Filter>Sources</Filter>
    </ClCompile>
    <ClCompile Include="src\Actor.cpp">
      <Filter>Sources\scene</Filter>
    </ClCompile>
    <ClCompile Include="src\Scene.cpp">
      <Filter>Sources\scene</Filter>
    </ClCompile>
    <ClCompile Include="src\Material.cpp">
      <Filter>Sources</Filter>
    </ClCompile>
    <ClCompile Include="src\MeshRenderer.cpp">
      <Filter>Sources</Filter>
    </ClCompile>
    <ClCompile Include="src\ShadowRenderer.cpp">
      <Filter>Sources</Filter>
    </ClCompile>
    <ClCompile Include="src\MainScene.cpp">
      <Filter>Sources\test_scenes</Filter>
    </ClCompile>
    <ClCompile Include="external\SOIL\src\image_DXT.c">
      <Filter>external\SOIL</Filter>
    </ClCompile>
    <ClCompile Include="external\SOIL\src\image_helper.c">
      <Filter>external\SOIL</Filter>
    </ClCompile>
    <ClCompile Include="external\SOIL\src\SOIL.c">
      <Filter>external\SOIL</Filter>
    </ClCompile>
    <ClCompile Include="external\SOIL\src\stb_image_aug.c">
      <Filter>external\SOIL</Filter>
    </ClCompile>
    <ClCompile Include="external\glew\src\glew.c">
      <Filter>external\glew</Filter>
    </ClCompile>
    <ClCompile Include="src\Light.cpp">
      <Filter>Sources\scene</Filter>
    </ClCompile>
    <ClCompile Include="src\FrameBuffer.cpp">
      <Filter>Sources</Filter>
    </ClCompile>
  </ItemGroup>
  <ItemGroup>
    <ResourceCompile Include="Engine.rc" />
  </ItemGroup>
</Project>